// !$*UTF8*$!
{
	archiveVersion = 1;
	classes = {
	};
	objectVersion = 46;
	objects = {

/* Begin PBXBuildFile section */
		600ED2BD1EDBC16F008EA4EC /* User.swift in Sources */ = {isa = PBXBuildFile; fileRef = 600ED2BC1EDBC16F008EA4EC /* User.swift */; };
		600ED2BF1EDBC189008EA4EC /* Spot.swift in Sources */ = {isa = PBXBuildFile; fileRef = 600ED2BE1EDBC189008EA4EC /* Spot.swift */; };
		600ED2C11EDCA8DE008EA4EC /* CheckoutViewController.swift in Sources */ = {isa = PBXBuildFile; fileRef = 600ED2C01EDCA8DE008EA4EC /* CheckoutViewController.swift */; };
		6053DB7D1EDDC032008A7D87 /* HomeVC.swift in Sources */ = {isa = PBXBuildFile; fileRef = 6053DB7C1EDDC032008A7D87 /* HomeVC.swift */; };
		6053DB7F1EDDC0EA008A7D87 /* newSpotVC.swift in Sources */ = {isa = PBXBuildFile; fileRef = 6053DB7E1EDDC0EA008A7D87 /* newSpotVC.swift */; };
		60A46A241ED1E3F200C2D657 /* AppDelegate.swift in Sources */ = {isa = PBXBuildFile; fileRef = 60A46A231ED1E3F200C2D657 /* AppDelegate.swift */; };
		60A46A261ED1E3F200C2D657 /* ViewController.swift in Sources */ = {isa = PBXBuildFile; fileRef = 60A46A251ED1E3F200C2D657 /* ViewController.swift */; };
		60A46A291ED1E3F200C2D657 /* Main.storyboard in Resources */ = {isa = PBXBuildFile; fileRef = 60A46A271ED1E3F200C2D657 /* Main.storyboard */; };
		60A46A2B1ED1E3F200C2D657 /* Assets.xcassets in Resources */ = {isa = PBXBuildFile; fileRef = 60A46A2A1ED1E3F200C2D657 /* Assets.xcassets */; };
		60A46A2E1ED1E3F200C2D657 /* LaunchScreen.storyboard in Resources */ = {isa = PBXBuildFile; fileRef = 60A46A2C1ED1E3F200C2D657 /* LaunchScreen.storyboard */; };
		60A46A361ED1E41A00C2D657 /* GoogleService-Info.plist in Resources */ = {isa = PBXBuildFile; fileRef = 60A46A351ED1E41A00C2D657 /* GoogleService-Info.plist */; };
		8C71FB8C5D408E03C9FD06B4 /* Pods_FirebaseTests.framework in Frameworks */ = {isa = PBXBuildFile; fileRef = 0F693CBC44E240310A06AF52 /* Pods_FirebaseTests.framework */; };
/* End PBXBuildFile section */

/* Begin PBXFileReference section */
		0F693CBC44E240310A06AF52 /* Pods_FirebaseTests.framework */ = {isa = PBXFileReference; explicitFileType = wrapper.framework; includeInIndex = 0; path = Pods_FirebaseTests.framework; sourceTree = BUILT_PRODUCTS_DIR; };
		600ED2BC1EDBC16F008EA4EC /* User.swift */ = {isa = PBXFileReference; fileEncoding = 4; lastKnownFileType = sourcecode.swift; path = User.swift; sourceTree = "<group>"; };
		600ED2BE1EDBC189008EA4EC /* Spot.swift */ = {isa = PBXFileReference; fileEncoding = 4; lastKnownFileType = sourcecode.swift; path = Spot.swift; sourceTree = "<group>"; };
		600ED2C01EDCA8DE008EA4EC /* CheckoutViewController.swift */ = {isa = PBXFileReference; fileEncoding = 4; lastKnownFileType = sourcecode.swift; path = CheckoutViewController.swift; sourceTree = "<group>"; };
		6053DB7C1EDDC032008A7D87 /* HomeVC.swift */ = {isa = PBXFileReference; fileEncoding = 4; lastKnownFileType = sourcecode.swift; path = HomeVC.swift; sourceTree = "<group>"; };
		6053DB7E1EDDC0EA008A7D87 /* newSpotVC.swift */ = {isa = PBXFileReference; fileEncoding = 4; lastKnownFileType = sourcecode.swift; path = newSpotVC.swift; sourceTree = "<group>"; };
		60A46A201ED1E3F200C2D657 /* FirebaseTests.app */ = {isa = PBXFileReference; explicitFileType = wrapper.application; includeInIndex = 0; path = FirebaseTests.app; sourceTree = BUILT_PRODUCTS_DIR; };
		60A46A231ED1E3F200C2D657 /* AppDelegate.swift */ = {isa = PBXFileReference; lastKnownFileType = sourcecode.swift; path = AppDelegate.swift; sourceTree = "<group>"; };
		60A46A251ED1E3F200C2D657 /* ViewController.swift */ = {isa = PBXFileReference; lastKnownFileType = sourcecode.swift; path = ViewController.swift; sourceTree = "<group>"; };
		60A46A281ED1E3F200C2D657 /* Base */ = {isa = PBXFileReference; lastKnownFileType = file.storyboard; name = Base; path = Base.lproj/Main.storyboard; sourceTree = "<group>"; };
		60A46A2A1ED1E3F200C2D657 /* Assets.xcassets */ = {isa = PBXFileReference; lastKnownFileType = folder.assetcatalog; path = Assets.xcassets; sourceTree = "<group>"; };
		60A46A2D1ED1E3F200C2D657 /* Base */ = {isa = PBXFileReference; lastKnownFileType = file.storyboard; name = Base; path = Base.lproj/LaunchScreen.storyboard; sourceTree = "<group>"; };
		60A46A2F1ED1E3F200C2D657 /* Info.plist */ = {isa = PBXFileReference; lastKnownFileType = text.plist.xml; path = Info.plist; sourceTree = "<group>"; };
		60A46A351ED1E41A00C2D657 /* GoogleService-Info.plist */ = {isa = PBXFileReference; fileEncoding = 4; lastKnownFileType = text.plist.xml; path = "GoogleService-Info.plist"; sourceTree = "<group>"; };
		9105029AC346B08E72364D50 /* Pods-FirebaseTests.debug.xcconfig */ = {isa = PBXFileReference; includeInIndex = 1; lastKnownFileType = text.xcconfig; name = "Pods-FirebaseTests.debug.xcconfig"; path = "Pods/Target Support Files/Pods-FirebaseTests/Pods-FirebaseTests.debug.xcconfig"; sourceTree = "<group>"; };
		C75D5BC4A08340F6FAC58BEC /* Pods-FirebaseTests.release.xcconfig */ = {isa = PBXFileReference; includeInIndex = 1; lastKnownFileType = text.xcconfig; name = "Pods-FirebaseTests.release.xcconfig"; path = "Pods/Target Support Files/Pods-FirebaseTests/Pods-FirebaseTests.release.xcconfig"; sourceTree = "<group>"; };
/* End PBXFileReference section */

/* Begin PBXFrameworksBuildPhase section */
		60A46A1D1ED1E3F200C2D657 /* Frameworks */ = {
			isa = PBXFrameworksBuildPhase;
			buildActionMask = 2147483647;
			files = (
				8C71FB8C5D408E03C9FD06B4 /* Pods_FirebaseTests.framework in Frameworks */,
			);
			runOnlyForDeploymentPostprocessing = 0;
		};
/* End PBXFrameworksBuildPhase section */

/* Begin PBXGroup section */
		0276CEFAC9D2B036F346E87A /* Frameworks */ = {
			isa = PBXGroup;
			children = (
				0F693CBC44E240310A06AF52 /* Pods_FirebaseTests.framework */,
			);
			name = Frameworks;
			sourceTree = "<group>";
		};
		6087C9881EDA1033007C2EEB /* Model */ = {
			isa = PBXGroup;
			children = (
				600ED2BC1EDBC16F008EA4EC /* User.swift */,
				600ED2BE1EDBC189008EA4EC /* Spot.swift */,
			);
			name = Model;
			sourceTree = "<group>";
		};
		6087C9891EDA103D007C2EEB /* Controler */ = {
			isa = PBXGroup;
			children = (
				60A46A251ED1E3F200C2D657 /* ViewController.swift */,
				600ED2C01EDCA8DE008EA4EC /* CheckoutViewController.swift */,
				6053DB7C1EDDC032008A7D87 /* HomeVC.swift */,
				6053DB7E1EDDC0EA008A7D87 /* newSpotVC.swift */,
			);
			name = Controler;
			sourceTree = "<group>";
		};
		60A46A171ED1E3F200C2D657 = {
			isa = PBXGroup;
			children = (
				60A46A221ED1E3F200C2D657 /* FirebaseTests */,
				60A46A211ED1E3F200C2D657 /* Products */,
				9594C659F51223EE002EE0E9 /* Pods */,
				0276CEFAC9D2B036F346E87A /* Frameworks */,
			);
			sourceTree = "<group>";
		};
		60A46A211ED1E3F200C2D657 /* Products */ = {
			isa = PBXGroup;
			children = (
				60A46A201ED1E3F200C2D657 /* FirebaseTests.app */,
			);
			name = Products;
			sourceTree = "<group>";
		};
		60A46A221ED1E3F200C2D657 /* FirebaseTests */ = {
			isa = PBXGroup;
			children = (
				6087C9881EDA1033007C2EEB /* Model */,
				6087C9891EDA103D007C2EEB /* Controler */,
				60A46A231ED1E3F200C2D657 /* AppDelegate.swift */,
				60A46A271ED1E3F200C2D657 /* Main.storyboard */,
				60A46A2A1ED1E3F200C2D657 /* Assets.xcassets */,
				60A46A2C1ED1E3F200C2D657 /* LaunchScreen.storyboard */,
				60A46A351ED1E41A00C2D657 /* GoogleService-Info.plist */,
				60A46A2F1ED1E3F200C2D657 /* Info.plist */,
			);
			path = FirebaseTests;
			sourceTree = "<group>";
		};
		9594C659F51223EE002EE0E9 /* Pods */ = {
			isa = PBXGroup;
			children = (
				9105029AC346B08E72364D50 /* Pods-FirebaseTests.debug.xcconfig */,
				C75D5BC4A08340F6FAC58BEC /* Pods-FirebaseTests.release.xcconfig */,
			);
			name = Pods;
			sourceTree = "<group>";
		};
/* End PBXGroup section */

/* Begin PBXNativeTarget section */
		60A46A1F1ED1E3F200C2D657 /* FirebaseTests */ = {
			isa = PBXNativeTarget;
			buildConfigurationList = 60A46A321ED1E3F200C2D657 /* Build configuration list for PBXNativeTarget "FirebaseTests" */;
			buildPhases = (
				F0755AF9D55769382BA5C4C2 /* [CP] Check Pods Manifest.lock */,
				60A46A1C1ED1E3F200C2D657 /* Sources */,
				60A46A1D1ED1E3F200C2D657 /* Frameworks */,
				60A46A1E1ED1E3F200C2D657 /* Resources */,
				E5931FD01B32882833A86E48 /* [CP] Embed Pods Frameworks */,
				78CB1C3F09EA4E38B6777D9C /* [CP] Copy Pods Resources */,
			);
			buildRules = (
			);
			dependencies = (
			);
			name = FirebaseTests;
			productName = FirebaseTests;
			productReference = 60A46A201ED1E3F200C2D657 /* FirebaseTests.app */;
			productType = "com.apple.product-type.application";
		};
/* End PBXNativeTarget section */

/* Begin PBXProject section */
		60A46A181ED1E3F200C2D657 /* Project object */ = {
			isa = PBXProject;
			attributes = {
				LastSwiftUpdateCheck = 0830;
				LastUpgradeCheck = 0830;
				ORGANIZATIONNAME = "Aivars Meijers";
				TargetAttributes = {
					60A46A1F1ED1E3F200C2D657 = {
						CreatedOnToolsVersion = 8.3.2;
						DevelopmentTeam = UDP9QHRJQB;
						ProvisioningStyle = Automatic;
					};
				};
			};
			buildConfigurationList = 60A46A1B1ED1E3F200C2D657 /* Build configuration list for PBXProject "FirebaseTests" */;
			compatibilityVersion = "Xcode 3.2";
			developmentRegion = English;
			hasScannedForEncodings = 0;
			knownRegions = (
				en,
				Base,
			);
			mainGroup = 60A46A171ED1E3F200C2D657;
			productRefGroup = 60A46A211ED1E3F200C2D657 /* Products */;
			projectDirPath = "";
			projectRoot = "";
			targets = (
				60A46A1F1ED1E3F200C2D657 /* FirebaseTests */,
			);
		};
/* End PBXProject section */

/* Begin PBXResourcesBuildPhase section */
		60A46A1E1ED1E3F200C2D657 /* Resources */ = {
			isa = PBXResourcesBuildPhase;
			buildActionMask = 2147483647;
			files = (
				60A46A361ED1E41A00C2D657 /* GoogleService-Info.plist in Resources */,
				60A46A2E1ED1E3F200C2D657 /* LaunchScreen.storyboard in Resources */,
				60A46A2B1ED1E3F200C2D657 /* Assets.xcassets in Resources */,
				60A46A291ED1E3F200C2D657 /* Main.storyboard in Resources */,
			);
			runOnlyForDeploymentPostprocessing = 0;
		};
/* End PBXResourcesBuildPhase section */

/* Begin PBXShellScriptBuildPhase section */
		78CB1C3F09EA4E38B6777D9C /* [CP] Copy Pods Resources */ = {
			isa = PBXShellScriptBuildPhase;
			buildActionMask = 2147483647;
			files = (
			);
			inputPaths = (
			);
			name = "[CP] Copy Pods Resources";
			outputPaths = (
			);
			runOnlyForDeploymentPostprocessing = 0;
			shellPath = /bin/sh;
			shellScript = "\"${SRCROOT}/Pods/Target Support Files/Pods-FirebaseTests/Pods-FirebaseTests-resources.sh\"\n";
			showEnvVarsInLog = 0;
		};
		E5931FD01B32882833A86E48 /* [CP] Embed Pods Frameworks */ = {
			isa = PBXShellScriptBuildPhase;
			buildActionMask = 2147483647;
			files = (
			);
			inputPaths = (
			);
			name = "[CP] Embed Pods Frameworks";
			outputPaths = (
			);
			runOnlyForDeploymentPostprocessing = 0;
			shellPath = /bin/sh;
			shellScript = "\"${SRCROOT}/Pods/Target Support Files/Pods-FirebaseTests/Pods-FirebaseTests-frameworks.sh\"\n";
			showEnvVarsInLog = 0;
		};
		F0755AF9D55769382BA5C4C2 /* [CP] Check Pods Manifest.lock */ = {
			isa = PBXShellScriptBuildPhase;
			buildActionMask = 2147483647;
			files = (
			);
			inputPaths = (
			);
			name = "[CP] Check Pods Manifest.lock";
			outputPaths = (
			);
			runOnlyForDeploymentPostprocessing = 0;
			shellPath = /bin/sh;
			shellScript = "diff \"${PODS_ROOT}/../Podfile.lock\" \"${PODS_ROOT}/Manifest.lock\" > /dev/null\nif [ $? != 0 ] ; then\n    # print error to STDERR\n    echo \"error: The sandbox is not in sync with the Podfile.lock. Run 'pod install' or update your CocoaPods installation.\" >&2\n    exit 1\nfi\n";
			showEnvVarsInLog = 0;
		};
/* End PBXShellScriptBuildPhase section */

/* Begin PBXSourcesBuildPhase section */
		60A46A1C1ED1E3F200C2D657 /* Sources */ = {
			isa = PBXSourcesBuildPhase;
			buildActionMask = 2147483647;
			files = (
				6053DB7F1EDDC0EA008A7D87 /* newSpotVC.swift in Sources */,
				60A46A261ED1E3F200C2D657 /* ViewController.swift in Sources */,
				60A46A241ED1E3F200C2D657 /* AppDelegate.swift in Sources */,
				600ED2BD1EDBC16F008EA4EC /* User.swift in Sources */,
				6053DB7D1EDDC032008A7D87 /* HomeVC.swift in Sources */,
				600ED2C11EDCA8DE008EA4EC /* CheckoutViewController.swift in Sources */,
				600ED2BF1EDBC189008EA4EC /* Spot.swift in Sources */,
			);
			runOnlyForDeploymentPostprocessing = 0;
		};
/* End PBXSourcesBuildPhase section */

/* Begin PBXVariantGroup section */
		60A46A271ED1E3F200C2D657 /* Main.storyboard */ = {
			isa = PBXVariantGroup;
			children = (
				60A46A281ED1E3F200C2D657 /* Base */,
			);
			name = Main.storyboard;
			sourceTree = "<group>";
		};
		60A46A2C1ED1E3F200C2D657 /* LaunchScreen.storyboard */ = {
			isa = PBXVariantGroup;
			children = (
				60A46A2D1ED1E3F200C2D657 /* Base */,
			);
			name = LaunchScreen.storyboard;
			sourceTree = "<group>";
		};
/* End PBXVariantGroup section */

/* Begin XCBuildConfiguration section */
		60A46A301ED1E3F200C2D657 /* Debug */ = {
			isa = XCBuildConfiguration;
			buildSettings = {
				ALWAYS_SEARCH_USER_PATHS = NO;
				CLANG_ANALYZER_NONNULL = YES;
				CLANG_ANALYZER_NUMBER_OBJECT_CONVERSION = YES_AGGRESSIVE;
				CLANG_CXX_LANGUAGE_STANDARD = "gnu++0x";
				CLANG_CXX_LIBRARY = "libc++";
				CLANG_ENABLE_MODULES = YES;
				CLANG_ENABLE_OBJC_ARC = YES;
				CLANG_WARN_BOOL_CONVERSION = YES;
				CLANG_WARN_CONSTANT_CONVERSION = YES;
				CLANG_WARN_DIRECT_OBJC_ISA_USAGE = YES_ERROR;
				CLANG_WARN_DOCUMENTATION_COMMENTS = YES;
				CLANG_WARN_EMPTY_BODY = YES;
				CLANG_WARN_ENUM_CONVERSION = YES;
				CLANG_WARN_INFINITE_RECURSION = YES;
				CLANG_WARN_INT_CONVERSION = YES;
				CLANG_WARN_OBJC_ROOT_CLASS = YES_ERROR;
				CLANG_WARN_SUSPICIOUS_MOVE = YES;
				CLANG_WARN_UNREACHABLE_CODE = YES;
				CLANG_WARN__DUPLICATE_METHOD_MATCH = YES;
				"CODE_SIGN_IDENTITY[sdk=iphoneos*]" = "iPhone Developer";
				COPY_PHASE_STRIP = NO;
				DEBUG_INFORMATION_FORMAT = dwarf;
				ENABLE_STRICT_OBJC_MSGSEND = YES;
				ENABLE_TESTABILITY = YES;
				GCC_C_LANGUAGE_STANDARD = gnu99;
				GCC_DYNAMIC_NO_PIC = NO;
				GCC_NO_COMMON_BLOCKS = YES;
				GCC_OPTIMIZATION_LEVEL = 0;
				GCC_PREPROCESSOR_DEFINITIONS = (
					"DEBUG=1",
					"$(inherited)",
				);
				GCC_WARN_64_TO_32_BIT_CONVERSION = YES;
				GCC_WARN_ABOUT_RETURN_TYPE = YES_ERROR;
				GCC_WARN_UNDECLARED_SELECTOR = YES;
				GCC_WARN_UNINITIALIZED_AUTOS = YES_AGGRESSIVE;
				GCC_WARN_UNUSED_FUNCTION = YES;
				GCC_WARN_UNUSED_VARIABLE = YES;
				IPHONEOS_DEPLOYMENT_TARGET = 10.3;
				MTL_ENABLE_DEBUG_INFO = YES;
				ONLY_ACTIVE_ARCH = YES;
				SDKROOT = iphoneos;
				SWIFT_ACTIVE_COMPILATION_CONDITIONS = DEBUG;
				SWIFT_OPTIMIZATION_LEVEL = "-Onone";
			};
			name = Debug;
		};
		60A46A311ED1E3F200C2D657 /* Release */ = {
			isa = XCBuildConfiguration;
			buildSettings = {
				ALWAYS_SEARCH_USER_PATHS = NO;
				CLANG_ANALYZER_NONNULL = YES;
				CLANG_ANALYZER_NUMBER_OBJECT_CONVERSION = YES_AGGRESSIVE;
				CLANG_CXX_LANGUAGE_STANDARD = "gnu++0x";
				CLANG_CXX_LIBRARY = "libc++";
				CLANG_ENABLE_MODULES = YES;
				CLANG_ENABLE_OBJC_ARC = YES;
				CLANG_WARN_BOOL_CONVERSION = YES;
				CLANG_WARN_CONSTANT_CONVERSION = YES;
				CLANG_WARN_DIRECT_OBJC_ISA_USAGE = YES_ERROR;
				CLANG_WARN_DOCUMENTATION_COMMENTS = YES;
				CLANG_WARN_EMPTY_BODY = YES;
				CLANG_WARN_ENUM_CONVERSION = YES;
				CLANG_WARN_INFINITE_RECURSION = YES;
				CLANG_WARN_INT_CONVERSION = YES;
				CLANG_WARN_OBJC_ROOT_CLASS = YES_ERROR;
				CLANG_WARN_SUSPICIOUS_MOVE = YES;
				CLANG_WARN_UNREACHABLE_CODE = YES;
				CLANG_WARN__DUPLICATE_METHOD_MATCH = YES;
				"CODE_SIGN_IDENTITY[sdk=iphoneos*]" = "iPhone Developer";
				COPY_PHASE_STRIP = NO;
				DEBUG_INFORMATION_FORMAT = "dwarf-with-dsym";
				ENABLE_NS_ASSERTIONS = NO;
				ENABLE_STRICT_OBJC_MSGSEND = YES;
				GCC_C_LANGUAGE_STANDARD = gnu99;
				GCC_NO_COMMON_BLOCKS = YES;
				GCC_WARN_64_TO_32_BIT_CONVERSION = YES;
				GCC_WARN_ABOUT_RETURN_TYPE = YES_ERROR;
				GCC_WARN_UNDECLARED_SELECTOR = YES;
				GCC_WARN_UNINITIALIZED_AUTOS = YES_AGGRESSIVE;
				GCC_WARN_UNUSED_FUNCTION = YES;
				GCC_WARN_UNUSED_VARIABLE = YES;
				IPHONEOS_DEPLOYMENT_TARGET = 10.3;
				MTL_ENABLE_DEBUG_INFO = NO;
				SDKROOT = iphoneos;
				SWIFT_OPTIMIZATION_LEVEL = "-Owholemodule";
				VALIDATE_PRODUCT = YES;
			};
			name = Release;
		};
		60A46A331ED1E3F200C2D657 /* Debug */ = {
			isa = XCBuildConfiguration;
			baseConfigurationReference = 9105029AC346B08E72364D50 /* Pods-FirebaseTests.debug.xcconfig */;
			buildSettings = {
				ASSETCATALOG_COMPILER_APPICON_NAME = AppIcon;
				DEVELOPMENT_TEAM = UDP9QHRJQB;
				INFOPLIST_FILE = FirebaseTests/Info.plist;
				LD_RUNPATH_SEARCH_PATHS = "$(inherited) @executable_path/Frameworks";
				PRODUCT_BUNDLE_IDENTIFIER = com.sleepybytes.FirebaseTests;
				PRODUCT_NAME = "$(TARGET_NAME)";
				SWIFT_VERSION = 3.0;
			};
			name = Debug;
		};
		60A46A341ED1E3F200C2D657 /* Release */ = {
			isa = XCBuildConfiguration;
			baseConfigurationReference = C75D5BC4A08340F6FAC58BEC /* Pods-FirebaseTests.release.xcconfig */;
			buildSettings = {
				ASSETCATALOG_COMPILER_APPICON_NAME = AppIcon;
				DEVELOPMENT_TEAM = UDP9QHRJQB;
				INFOPLIST_FILE = FirebaseTests/Info.plist;
				LD_RUNPATH_SEARCH_PATHS = "$(inherited) @executable_path/Frameworks";
				PRODUCT_BUNDLE_IDENTIFIER = com.sleepybytes.FirebaseTests;
				PRODUCT_NAME = "$(TARGET_NAME)";
				SWIFT_VERSION = 3.0;
			};
			name = Release;
		};
/* End XCBuildConfiguration section */

/* Begin XCConfigurationList section */
		60A46A1B1ED1E3F200C2D657 /* Build configuration list for PBXProject "FirebaseTests" */ = {
			isa = XCConfigurationList;
			buildConfigurations = (
				60A46A301ED1E3F200C2D657 /* Debug */,
				60A46A311ED1E3F200C2D657 /* Release */,
			);
			defaultConfigurationIsVisible = 0;
			defaultConfigurationName = Release;
		};
		60A46A321ED1E3F200C2D657 /* Build configuration list for PBXNativeTarget "FirebaseTests" */ = {
			isa = XCConfigurationList;
			buildConfigurations = (
				60A46A331ED1E3F200C2D657 /* Debug */,
				60A46A341ED1E3F200C2D657 /* Release */,
			);
			defaultConfigurationIsVisible = 0;
			defaultConfigurationName = Release;
		};
/* End XCConfigurationList section */
	};
	rootObject = 60A46A181ED1E3F200C2D657 /* Project object */;
}
